// !$*UTF8*$!
{
	archiveVersion = 1;
	classes = {
	};
	objectVersion = 48;
	objects = {

/* Begin PBXBuildFile section */
		CC24A706203D4BD0006F01C0 /* money.csv in Resources */ = {isa = PBXBuildFile; fileRef = CC24A705203D4BD0006F01C0 /* money.csv */; };
		CC24A708203D4BE3006F01C0 /* work.csv in Resources */ = {isa = PBXBuildFile; fileRef = CC24A707203D4BE3006F01C0 /* work.csv */; };
		CC8AD59C20390085009AFB9A /* AppDelegate.swift in Sources */ = {isa = PBXBuildFile; fileRef = CC8AD59B20390085009AFB9A /* AppDelegate.swift */; };
		CC8AD59E20390085009AFB9A /* ViewController.swift in Sources */ = {isa = PBXBuildFile; fileRef = CC8AD59D20390085009AFB9A /* ViewController.swift */; };
		CC8AD5A120390085009AFB9A /* Main.storyboard in Resources */ = {isa = PBXBuildFile; fileRef = CC8AD59F20390085009AFB9A /* Main.storyboard */; };
		CC8AD5A320390085009AFB9A /* Assets.xcassets in Resources */ = {isa = PBXBuildFile; fileRef = CC8AD5A220390085009AFB9A /* Assets.xcassets */; };
		CC8AD5A620390085009AFB9A /* LaunchScreen.storyboard in Resources */ = {isa = PBXBuildFile; fileRef = CC8AD5A420390085009AFB9A /* LaunchScreen.storyboard */; };
		CC8AD5AE203922C3009AFB9A /* QuotationViewController.swift in Sources */ = {isa = PBXBuildFile; fileRef = CC8AD5AD203922C3009AFB9A /* QuotationViewController.swift */; };
		CCC68CB8203927D20086EB7E /* quotation.csv in Resources */ = {isa = PBXBuildFile; fileRef = CCC68CB7203927D20086EB7E /* quotation.csv */; };
		CCC68CBA20392AE30086EB7E /* QuotationData.swift in Sources */ = {isa = PBXBuildFile; fileRef = CCC68CB920392AE30086EB7E /* QuotationData.swift */; };
		CCCD0EA8203BFC00005D1BB2 /* MoneyViewController.swift in Sources */ = {isa = PBXBuildFile; fileRef = CCCD0EA7203BFBFF005D1BB2 /* MoneyViewController.swift */; };
		CCCD0EAA203BFDBE005D1BB2 /* QuotationMoneyData.swift in Sources */ = {isa = PBXBuildFile; fileRef = CCCD0EA9203BFDBE005D1BB2 /* QuotationMoneyData.swift */; };
		CCCD0EAC203BFF47005D1BB2 /* QutationWorkData.swift in Sources */ = {isa = PBXBuildFile; fileRef = CCCD0EAB203BFF47005D1BB2 /* QutationWorkData.swift */; };
		CCCD0EAE203BFFC9005D1BB2 /* WorkView.Controller.swift in Sources */ = {isa = PBXBuildFile; fileRef = CCCD0EAD203BFFC9005D1BB2 /* WorkView.Controller.swift */; };
/* End PBXBuildFile section */

/* Begin PBXFileReference section */
		CC24A705203D4BD0006F01C0 /* money.csv */ = {isa = PBXFileReference; lastKnownFileType = text; path = money.csv; sourceTree = "<group>"; };
		CC24A707203D4BE3006F01C0 /* work.csv */ = {isa = PBXFileReference; lastKnownFileType = text; path = work.csv; sourceTree = "<group>"; };
		CC8AD59820390085009AFB9A /* QuotationApp.app */ = {isa = PBXFileReference; explicitFileType = wrapper.application; includeInIndex = 0; path = QuotationApp.app; sourceTree = BUILT_PRODUCTS_DIR; };
		CC8AD59B20390085009AFB9A /* AppDelegate.swift */ = {isa = PBXFileReference; lastKnownFileType = sourcecode.swift; path = AppDelegate.swift; sourceTree = "<group>"; };
		CC8AD59D20390085009AFB9A /* ViewController.swift */ = {isa = PBXFileReference; lastKnownFileType = sourcecode.swift; path = ViewController.swift; sourceTree = "<group>"; };
		CC8AD5A020390085009AFB9A /* Base */ = {isa = PBXFileReference; lastKnownFileType = file.storyboard; name = Base; path = Base.lproj/Main.storyboard; sourceTree = "<group>"; };
		CC8AD5A220390085009AFB9A /* Assets.xcassets */ = {isa = PBXFileReference; lastKnownFileType = folder.assetcatalog; path = Assets.xcassets; sourceTree = "<group>"; };
		CC8AD5A520390085009AFB9A /* Base */ = {isa = PBXFileReference; lastKnownFileType = file.storyboard; name = Base; path = Base.lproj/LaunchScreen.storyboard; sourceTree = "<group>"; };
		CC8AD5A720390085009AFB9A /* Info.plist */ = {isa = PBXFileReference; lastKnownFileType = text.plist.xml; path = Info.plist; sourceTree = "<group>"; };
		CC8AD5AD203922C3009AFB9A /* QuotationViewController.swift */ = {isa = PBXFileReference; lastKnownFileType = sourcecode.swift; path = QuotationViewController.swift; sourceTree = "<group>"; };
		CCC68CB7203927D20086EB7E /* quotation.csv */ = {isa = PBXFileReference; lastKnownFileType = text; path = quotation.csv; sourceTree = "<group>"; };
		CCC68CB920392AE30086EB7E /* QuotationData.swift */ = {isa = PBXFileReference; lastKnownFileType = sourcecode.swift; path = QuotationData.swift; sourceTree = "<group>"; };
		CCCD0EA7203BFBFF005D1BB2 /* MoneyViewController.swift */ = {isa = PBXFileReference; lastKnownFileType = sourcecode.swift; path = MoneyViewController.swift; sourceTree = "<group>"; };
		CCCD0EA9203BFDBE005D1BB2 /* QuotationMoneyData.swift */ = {isa = PBXFileReference; lastKnownFileType = sourcecode.swift; path = QuotationMoneyData.swift; sourceTree = "<group>"; };
		CCCD0EAB203BFF47005D1BB2 /* QutationWorkData.swift */ = {isa = PBXFileReference; lastKnownFileType = sourcecode.swift; path = QutationWorkData.swift; sourceTree = "<group>"; };
		CCCD0EAD203BFFC9005D1BB2 /* WorkView.Controller.swift */ = {isa = PBXFileReference; lastKnownFileType = sourcecode.swift; path = WorkView.Controller.swift; sourceTree = "<group>"; };
/* End PBXFileReference section */

/* Begin PBXFrameworksBuildPhase section */
		CC8AD59520390085009AFB9A /* Frameworks */ = {
			isa = PBXFrameworksBuildPhase;
			buildActionMask = 2147483647;
			files = (
			);
			runOnlyForDeploymentPostprocessing = 0;
		};
/* End PBXFrameworksBuildPhase section */

/* Begin PBXGroup section */
		CC8AD58F20390085009AFB9A = {
			isa = PBXGroup;
			children = (
				CC8AD59A20390085009AFB9A /* QuotationApp */,
				CC8AD59920390085009AFB9A /* Products */,
			);
			sourceTree = "<group>";
		};
		CC8AD59920390085009AFB9A /* Products */ = {
			isa = PBXGroup;
			children = (
				CC8AD59820390085009AFB9A /* QuotationApp.app */,
			);
			name = Products;
			sourceTree = "<group>";
		};
		CC8AD59A20390085009AFB9A /* QuotationApp */ = {
			isa = PBXGroup;
			children = (
				CC8AD59B20390085009AFB9A /* AppDelegate.swift */,
				CC8AD59F20390085009AFB9A /* Main.storyboard */,
				CC8AD59D20390085009AFB9A /* ViewController.swift */,
				CC8AD5AD203922C3009AFB9A /* QuotationViewController.swift */,
				CCCD0EA7203BFBFF005D1BB2 /* MoneyViewController.swift */,
				CCCD0EAD203BFFC9005D1BB2 /* WorkView.Controller.swift */,
				CCC68CB920392AE30086EB7E /* QuotationData.swift */,
				CCCD0EA9203BFDBE005D1BB2 /* QuotationMoneyData.swift */,
				CCCD0EAB203BFF47005D1BB2 /* QutationWorkData.swift */,
				CCC68CB7203927D20086EB7E /* quotation.csv */,
				CC24A705203D4BD0006F01C0 /* money.csv */,
				CC24A707203D4BE3006F01C0 /* work.csv */,
				CC8AD5A220390085009AFB9A /* Assets.xcassets */,
				CC8AD5A420390085009AFB9A /* LaunchScreen.storyboard */,
				CC8AD5A720390085009AFB9A /* Info.plist */,
			);
			path = QuotationApp;
			sourceTree = "<group>";
		};
/* End PBXGroup section */

/* Begin PBXNativeTarget section */
		CC8AD59720390085009AFB9A /* QuotationApp */ = {
			isa = PBXNativeTarget;
			buildConfigurationList = CC8AD5AA20390085009AFB9A /* Build configuration list for PBXNativeTarget "QuotationApp" */;
			buildPhases = (
				CC8AD59420390085009AFB9A /* Sources */,
				CC8AD59520390085009AFB9A /* Frameworks */,
				CC8AD59620390085009AFB9A /* Resources */,
			);
			buildRules = (
			);
			dependencies = (
			);
			name = QuotationApp;
			productName = QuotationApp;
			productReference = CC8AD59820390085009AFB9A /* QuotationApp.app */;
			productType = "com.apple.product-type.application";
		};
/* End PBXNativeTarget section */

/* Begin PBXProject section */
		CC8AD59020390085009AFB9A /* Project object */ = {
			isa = PBXProject;
			attributes = {
				LastSwiftUpdateCheck = 0920;
				LastUpgradeCheck = 0920;
				ORGANIZATIONNAME = "Keisuke Kodaka";
				TargetAttributes = {
					CC8AD59720390085009AFB9A = {
						CreatedOnToolsVersion = 9.2;
						ProvisioningStyle = Automatic;
					};
				};
			};
			buildConfigurationList = CC8AD59320390085009AFB9A /* Build configuration list for PBXProject "QuotationApp" */;
			compatibilityVersion = "Xcode 8.0";
			developmentRegion = en;
			hasScannedForEncodings = 0;
			knownRegions = (
				en,
				Base,
			);
			mainGroup = CC8AD58F20390085009AFB9A;
			productRefGroup = CC8AD59920390085009AFB9A /* Products */;
			projectDirPath = "";
			projectRoot = "";
			targets = (
				CC8AD59720390085009AFB9A /* QuotationApp */,
			);
		};
/* End PBXProject section */

/* Begin PBXResourcesBuildPhase section */
		CC8AD59620390085009AFB9A /* Resources */ = {
			isa = PBXResourcesBuildPhase;
			buildActionMask = 2147483647;
			files = (
				CC24A706203D4BD0006F01C0 /* money.csv in Resources */,
				CC8AD5A620390085009AFB9A /* LaunchScreen.storyboard in Resources */,
				CC8AD5A320390085009AFB9A /* Assets.xcassets in Resources */,
				CC8AD5A120390085009AFB9A /* Main.storyboard in Resources */,
				CCC68CB8203927D20086EB7E /* quotation.csv in Resources */,
				CC24A708203D4BE3006F01C0 /* work.csv in Resources */,
			);
			runOnlyForDeploymentPostprocessing = 0;
		};
/* End PBXResourcesBuildPhase section */

/* Begin PBXSourcesBuildPhase section */
		CC8AD59420390085009AFB9A /* Sources */ = {
			isa = PBXSourcesBuildPhase;
			buildActionMask = 2147483647;
			files = (
				CCC68CBA20392AE30086EB7E /* QuotationData.swift in Sources */,
				CCCD0EAA203BFDBE005D1BB2 /* QuotationMoneyData.swift in Sources */,
				CC8AD5AE203922C3009AFB9A /* QuotationViewController.swift in Sources */,
				CC8AD59E20390085009AFB9A /* ViewController.swift in Sources */,
				CCCD0EAE203BFFC9005D1BB2 /* WorkView.Controller.swift in Sources */,
				CCCD0EA8203BFC00005D1BB2 /* MoneyViewController.swift in Sources */,
				CC8AD59C20390085009AFB9A /* AppDelegate.swift in Sources */,
				CCCD0EAC203BFF47005D1BB2 /* QutationWorkData.swift in Sources */,
			);
			runOnlyForDeploymentPostprocessing = 0;
		};
/* End PBXSourcesBuildPhase section */

/* Begin PBXVariantGroup section */
		CC8AD59F20390085009AFB9A /* Main.storyboard */ = {
			isa = PBXVariantGroup;
			children = (
				CC8AD5A020390085009AFB9A /* Base */,
			);
			name = Main.storyboard;
			sourceTree = "<group>";
		};
		CC8AD5A420390085009AFB9A /* LaunchScreen.storyboard */ = {
			isa = PBXVariantGroup;
			children = (
				CC8AD5A520390085009AFB9A /* Base */,
			);
			name = LaunchScreen.storyboard;
			sourceTree = "<group>";
		};
/* End PBXVariantGroup section */

/* Begin XCBuildConfiguration section */
		CC8AD5A820390085009AFB9A /* Debug */ = {
			isa = XCBuildConfiguration;
			buildSettings = {
				ALWAYS_SEARCH_USER_PATHS = NO;
				CLANG_ANALYZER_NONNULL = YES;
				CLANG_ANALYZER_NUMBER_OBJECT_CONVERSION = YES_AGGRESSIVE;
				CLANG_CXX_LANGUAGE_STANDARD = "gnu++14";
				CLANG_CXX_LIBRARY = "libc++";
				CLANG_ENABLE_MODULES = YES;
				CLANG_ENABLE_OBJC_ARC = YES;
				CLANG_WARN_BLOCK_CAPTURE_AUTORELEASING = YES;
				CLANG_WARN_BOOL_CONVERSION = YES;
				CLANG_WARN_COMMA = YES;
				CLANG_WARN_CONSTANT_CONVERSION = YES;
				CLANG_WARN_DIRECT_OBJC_ISA_USAGE = YES_ERROR;
				CLANG_WARN_DOCUMENTATION_COMMENTS = YES;
				CLANG_WARN_EMPTY_BODY = YES;
				CLANG_WARN_ENUM_CONVERSION = YES;
				CLANG_WARN_INFINITE_RECURSION = YES;
				CLANG_WARN_INT_CONVERSION = YES;
				CLANG_WARN_NON_LITERAL_NULL_CONVERSION = YES;
				CLANG_WARN_OBJC_LITERAL_CONVERSION = YES;
				CLANG_WARN_OBJC_ROOT_CLASS = YES_ERROR;
				CLANG_WARN_RANGE_LOOP_ANALYSIS = YES;
				CLANG_WARN_STRICT_PROTOTYPES = YES;
				CLANG_WARN_SUSPICIOUS_MOVE = YES;
				CLANG_WARN_UNGUARDED_AVAILABILITY = YES_AGGRESSIVE;
				CLANG_WARN_UNREACHABLE_CODE = YES;
				CLANG_WARN__DUPLICATE_METHOD_MATCH = YES;
				CODE_SIGN_IDENTITY = "iPhone Developer";
				COPY_PHASE_STRIP = NO;
				DEBUG_INFORMATION_FORMAT = dwarf;
				ENABLE_STRICT_OBJC_MSGSEND = YES;
				ENABLE_TESTABILITY = YES;
				GCC_C_LANGUAGE_STANDARD = gnu11;
				GCC_DYNAMIC_NO_PIC = NO;
				GCC_NO_COMMON_BLOCKS = YES;
				GCC_OPTIMIZATION_LEVEL = 0;
				GCC_PREPROCESSOR_DEFINITIONS = (
					"DEBUG=1",
					"$(inherited)",
				);
				GCC_WARN_64_TO_32_BIT_CONVERSION = YES;
				GCC_WARN_ABOUT_RETURN_TYPE = YES_ERROR;
				GCC_WARN_UNDECLARED_SELECTOR = YES;
				GCC_WARN_UNINITIALIZED_AUTOS = YES_AGGRESSIVE;
				GCC_WARN_UNUSED_FUNCTION = YES;
				GCC_WARN_UNUSED_VARIABLE = YES;
				IPHONEOS_DEPLOYMENT_TARGET = 11.2;
				MTL_ENABLE_DEBUG_INFO = YES;
				ONLY_ACTIVE_ARCH = YES;
				SDKROOT = iphoneos;
				SWIFT_ACTIVE_COMPILATION_CONDITIONS = DEBUG;
				SWIFT_OPTIMIZATION_LEVEL = "-Onone";
			};
			name = Debug;
		};
		CC8AD5A920390085009AFB9A /* Release */ = {
			isa = XCBuildConfiguration;
			buildSettings = {
				ALWAYS_SEARCH_USER_PATHS = NO;
				CLANG_ANALYZER_NONNULL = YES;
				CLANG_ANALYZER_NUMBER_OBJECT_CONVERSION = YES_AGGRESSIVE;
				CLANG_CXX_LANGUAGE_STANDARD = "gnu++14";
				CLANG_CXX_LIBRARY = "libc++";
				CLANG_ENABLE_MODULES = YES;
				CLANG_ENABLE_OBJC_ARC = YES;
				CLANG_WARN_BLOCK_CAPTURE_AUTORELEASING = YES;
				CLANG_WARN_BOOL_CONVERSION = YES;
				CLANG_WARN_COMMA = YES;
				CLANG_WARN_CONSTANT_CONVERSION = YES;
				CLANG_WARN_DIRECT_OBJC_ISA_USAGE = YES_ERROR;
				CLANG_WARN_DOCUMENTATION_COMMENTS = YES;
				CLANG_WARN_EMPTY_BODY = YES;
				CLANG_WARN_ENUM_CONVERSION = YES;
				CLANG_WARN_INFINITE_RECURSION = YES;
				CLANG_WARN_INT_CONVERSION = YES;
				CLANG_WARN_NON_LITERAL_NULL_CONVERSION = YES;
				CLANG_WARN_OBJC_LITERAL_CONVERSION = YES;
				CLANG_WARN_OBJC_ROOT_CLASS = YES_ERROR;
				CLANG_WARN_RANGE_LOOP_ANALYSIS = YES;
				CLANG_WARN_STRICT_PROTOTYPES = YES;
				CLANG_WARN_SUSPICIOUS_MOVE = YES;
				CLANG_WARN_UNGUARDED_AVAILABILITY = YES_AGGRESSIVE;
				CLANG_WARN_UNREACHABLE_CODE = YES;
				CLANG_WARN__DUPLICATE_METHOD_MATCH = YES;
				CODE_SIGN_IDENTITY = "iPhone Developer";
				COPY_PHASE_STRIP = NO;
				DEBUG_INFORMATION_FORMAT = "dwarf-with-dsym";
				ENABLE_NS_ASSERTIONS = NO;
				ENABLE_STRICT_OBJC_MSGSEND = YES;
				GCC_C_LANGUAGE_STANDARD = gnu11;
				GCC_NO_COMMON_BLOCKS = YES;
				GCC_WARN_64_TO_32_BIT_CONVERSION = YES;
				GCC_WARN_ABOUT_RETURN_TYPE = YES_ERROR;
				GCC_WARN_UNDECLARED_SELECTOR = YES;
				GCC_WARN_UNINITIALIZED_AUTOS = YES_AGGRESSIVE;
				GCC_WARN_UNUSED_FUNCTION = YES;
				GCC_WARN_UNUSED_VARIABLE = YES;
				IPHONEOS_DEPLOYMENT_TARGET = 11.2;
				MTL_ENABLE_DEBUG_INFO = NO;
				SDKROOT = iphoneos;
				SWIFT_OPTIMIZATION_LEVEL = "-Owholemodule";
				VALIDATE_PRODUCT = YES;
			};
			name = Release;
		};
		CC8AD5AB20390085009AFB9A /* Debug */ = {
			isa = XCBuildConfiguration;
			buildSettings = {
				ASSETCATALOG_COMPILER_APPICON_NAME = AppIcon;
				"CODE_SIGN_IDENTITY[sdk=iphoneos*]" = "iPhone Developer";
				CODE_SIGN_STYLE = Automatic;
				DEVELOPMENT_TEAM = AU6P3CW89U;
				INFOPLIST_FILE = QuotationApp/Info.plist;
				LD_RUNPATH_SEARCH_PATHS = "$(inherited) @executable_path/Frameworks";
				PRODUCT_BUNDLE_IDENTIFIER = com.gmail.keisukekodaka1122.QuotationApp;
				PRODUCT_NAME = "$(TARGET_NAME)";
				PROVISIONING_PROFILE_SPECIFIER = "";
				SWIFT_VERSION = 4.0;
				TARGETED_DEVICE_FAMILY = "1,2";
			};
			name = Debug;
		};
		CC8AD5AC20390085009AFB9A /* Release */ = {
			isa = XCBuildConfiguration;
			buildSettings = {
				ASSETCATALOG_COMPILER_APPICON_NAME = AppIcon;
				"CODE_SIGN_IDENTITY[sdk=iphoneos*]" = "iPhone Developer";
				CODE_SIGN_STYLE = Automatic;
				DEVELOPMENT_TEAM = AU6P3CW89U;
				INFOPLIST_FILE = QuotationApp/Info.plist;
				LD_RUNPATH_SEARCH_PATHS = "$(inherited) @executable_path/Frameworks";
				PRODUCT_BUNDLE_IDENTIFIER = com.gmail.keisukekodaka1122.QuotationApp;
				PRODUCT_NAME = "$(TARGET_NAME)";
				PROVISIONING_PROFILE_SPECIFIER = "";
				SWIFT_VERSION = 4.0;
				TARGETED_DEVICE_FAMILY = "1,2";
			};
			name = Release;
		};
/* End XCBuildConfiguration section */

/* Begin XCConfigurationList section */
		CC8AD59320390085009AFB9A /* Build configuration list for PBXProject "QuotationApp" */ = {
			isa = XCConfigurationList;
			buildConfigurations = (
				CC8AD5A820390085009AFB9A /* Debug */,
				CC8AD5A920390085009AFB9A /* Release */,
			);
			defaultConfigurationIsVisible = 0;
			defaultConfigurationName = Release;
		};
		CC8AD5AA20390085009AFB9A /* Build configuration list for PBXNativeTarget "QuotationApp" */ = {
			isa = XCConfigurationList;
			buildConfigurations = (
				CC8AD5AB20390085009AFB9A /* Debug */,
				CC8AD5AC20390085009AFB9A /* Release */,
			);
			defaultConfigurationIsVisible = 0;
			defaultConfigurationName = Release;
		};
/* End XCConfigurationList section */
	};
	rootObject = CC8AD59020390085009AFB9A /* Project object */;
}
